
Microsoft Visual Studio Solution File, Format Version 12.00
# Visual Studio Version 17
VisualStudioVersion = 17.14.36518.9
MinimumVisualStudioVersion = 10.0.40219.1
Project("{00D1A9C2-B5F0-4AF3-8072-F6C62B433612}") = "Test PAWBLE Database", "Test PAWBLE Database\Test PAWBLE Database.sqlproj", "{4FBCEEDD-C269-4A63-B42D-06CADA1CFE4F}"
EndProject
Global
	GlobalSection(SolutionConfigurationPlatforms) = preSolution
		Debug|Any CPU = Debug|Any CPU
		Release|Any CPU = Release|Any CPU
	EndGlobalSection
	GlobalSection(ProjectConfigurationPlatforms) = postSolution
		{4FBCEEDD-C269-4A63-B42D-06CADA1CFE4F}.Debug|Any CPU.ActiveCfg = Debug|Any CPU
		{4FBCEEDD-C269-4A63-B42D-06CADA1CFE4F}.Debug|Any CPU.Build.0 = Debug|Any CPU
		{4FBCEEDD-C269-4A63-B42D-06CADA1CFE4F}.Debug|Any CPU.Deploy.0 = Debug|Any CPU
		{4FBCEEDD-C269-4A63-B42D-06CADA1CFE4F}.Release|Any CPU.ActiveCfg = Release|Any CPU
		{4FBCEEDD-C269-4A63-B42D-06CADA1CFE4F}.Release|Any CPU.Build.0 = Release|Any CPU
		{4FBCEEDD-C269-4A63-B42D-06CADA1CFE4F}.Release|Any CPU.Deploy.0 = Release|Any CPU
	EndGlobalSection
	GlobalSection(SolutionProperties) = preSolution
		HideSolutionNode = FALSE
	EndGlobalSection
	GlobalSection(ExtensibilityGlobals) = postSolution
		SolutionGuid = {72457945-99B6-4560-A537-227A68F61A95}
	EndGlobalSection
EndGlobal
